{
  "name": "@rl-js/baseline-agents",
  "version": "0.7.3",
  "lockfileVersion": 1,
  "requires": true,
  "dependencies": {
    "@rl-js/baseline-function-approximators": {
      "version": "0.7.0",
      "resolved": "https://registry.npmjs.org/@rl-js/baseline-function-approximators/-/baseline-function-approximators-0.7.0.tgz",
      "integrity": "sha512-7l86HFx6iSB1DJYSHjYSKx9e6KkVzG0GlmnH3FgpxcHeOuxv7GuDVJppXx1PF2J5FreyRnQJv+G/BiFwzk9RXg==",
      "requires": {
        "@rl-js/interfaces": "^0.7.0",
        "check-interface": "^1.1.1",
        "js-combinatorics": "^0.5.3",
        "lodash.mapvalues": "^4.6.0",
        "mathjs": "^3.20.1"
      },
      "dependencies": {
        "complex.js": {
          "version": "2.0.4",
          "resolved": "https://registry.npmjs.org/complex.js/-/complex.js-2.0.4.tgz",
          "integrity": "sha512-Syl95HpxUTS0QjwNxencZsKukgh1zdS9uXeXX2Us0pHaqBR6kiZZi0AkZ9VpZFwHJyVIUVzI4EumjWdXP3fy6w=="
        },
        "decimal.js": {
          "version": "9.0.1",
          "resolved": "https://registry.npmjs.org/decimal.js/-/decimal.js-9.0.1.tgz",
          "integrity": "sha512-2h0iKbJwnImBk4TGk7CG1xadoA0g3LDPlQhQzbZ221zvG0p2YVUedbKIPsOZXKZGx6YmZMJKYOalpCMxSdDqTQ=="
        },
        "fraction.js": {
          "version": "4.0.4",
          "resolved": "https://registry.npmjs.org/fraction.js/-/fraction.js-4.0.4.tgz",
          "integrity": "sha512-aK/oGatyYLTtXRHjfEsytX5fieeR5H4s8sLorzcT12taFS+dbMZejnvm9gRa8mZAPwci24ucjq9epDyaq5u8Iw=="
        },
        "mathjs": {
          "version": "3.20.2",
          "resolved": "https://registry.npmjs.org/mathjs/-/mathjs-3.20.2.tgz",
          "integrity": "sha512-3f6/+uf1cUtIz1rYFz775wekl/UEDSQ3mU6xdxW7qzpvvhc2v28i3UtLsGTRB+u8OqDWoSX6Dz8gehaGFs6tCA==",
          "requires": {
            "complex.js": "2.0.4",
            "decimal.js": "9.0.1",
            "escape-latex": "^1.0.0",
            "fraction.js": "4.0.4",
            "javascript-natural-sort": "0.7.1",
            "seed-random": "2.2.0",
            "tiny-emitter": "2.0.2",
            "typed-function": "0.10.7"
          }
        },
        "typed-function": {
          "version": "0.10.7",
          "resolved": "https://registry.npmjs.org/typed-function/-/typed-function-0.10.7.tgz",
          "integrity": "sha512-3mlZ5AwRMbLvUKkc8a1TI4RUJUS2H27pmD5q0lHRObgsoWzhDAX01yg82kwSP1FUw922/4Y9ZliIEh0qJZcz+g=="
        }
      }
    },
    "@rl-js/interfaces": {
      "version": "0.7.0",
      "resolved": "https://registry.npmjs.org/@rl-js/interfaces/-/interfaces-0.7.0.tgz",
      "integrity": "sha512-a/eSSKnNUY1vl1zQiJ1wBfogTxeOYhViuTFH9/x1RooBG8lmijbEjdlNkn6YH211+osy90AaO0g8s2FC5rLjzQ==",
      "requires": {
        "check-interface": "^1.0.1"
      }
    },
    "check-interface": {
      "version": "1.1.1",
      "resolved": "https://registry.npmjs.org/check-interface/-/check-interface-1.1.1.tgz",
      "integrity": "sha512-ULbuRQPyDzvAI2UEp4exZYUNO4+ZU2hAGlHLDpbjUmKoEKLXzcCJUbnUhDgziYj2UJ2hVn72KhNqLIaXAyhmOQ=="
    },
    "check-types": {
      "version": "7.4.0",
      "resolved": "https://registry.npmjs.org/check-types/-/check-types-7.4.0.tgz",
      "integrity": "sha512-YbulWHdfP99UfZ73NcUDlNJhEIDgm9Doq9GhpyXbF+7Aegi3CVV7qqMCKTTqJxlvEvnQBp9IA+dxsGN6xK/nSg=="
    },
    "complex.js": {
      "version": "2.0.11",
      "resolved": "https://registry.npmjs.org/complex.js/-/complex.js-2.0.11.tgz",
      "integrity": "sha512-6IArJLApNtdg1P1dFtn3dnyzoZBEF0MwMnrfF1exSBRpZYoy4yieMkpZhQDC0uwctw48vii0CFVyHfpgZ/DfGw=="
    },
    "decimal.js": {
      "version": "10.0.1",
      "resolved": "https://registry.npmjs.org/decimal.js/-/decimal.js-10.0.1.tgz",
      "integrity": "sha512-vklWB5C4Cj423xnaOtsUmAv0/7GqlXIgDv2ZKDyR64OV3OSzGHNx2mk4p/1EKnB5s70k73cIOOEcG9YzF0q4Lw=="
    },
    "escape-latex": {
      "version": "1.1.1",
      "resolved": "https://registry.npmjs.org/escape-latex/-/escape-latex-1.1.1.tgz",
      "integrity": "sha512-N2D6Z2kXh8x/pQNQH+natXDCwrzghhXMRII5dZ518mlTLeuba80NL0LCQyaahqOrAidoLivmmG6GKPnGhHse+A=="
    },
    "fraction.js": {
      "version": "4.0.8",
      "resolved": "https://registry.npmjs.org/fraction.js/-/fraction.js-4.0.8.tgz",
      "integrity": "sha512-8Jx2AkFIFQtFaF8wP7yUIW+lnCgzPbxsholryMZ+oPK6kKjY/nUrvMKtq1+A8aSAeFau7+G/zfO8aGk2Aw1wCA=="
    },
    "gaussian": {
      "version": "1.1.0",
      "resolved": "https://registry.npmjs.org/gaussian/-/gaussian-1.1.0.tgz",
      "integrity": "sha1-bRN6CX1Nv8ILUvsctdYcRwDt13E="
    },
    "javascript-natural-sort": {
      "version": "0.7.1",
      "resolved": "https://registry.npmjs.org/javascript-natural-sort/-/javascript-natural-sort-0.7.1.tgz",
      "integrity": "sha1-+eIwPUUH9tdDVac2ZNFED7Wg71k="
    },
    "js-combinatorics": {
      "version": "0.5.3",
      "resolved": "https://registry.npmjs.org/js-combinatorics/-/js-combinatorics-0.5.3.tgz",
      "integrity": "sha512-egCSKDP7vcTlwSyIVuipmGc4Btxpb8ftQ+dhRMgQHJ9JwifXS/yBeTokLADjoJmip4T20yEMJK4YT/DNkOTUtQ=="
    },
    "lodash.get": {
      "version": "4.4.2",
      "resolved": "https://registry.npmjs.org/lodash.get/-/lodash.get-4.4.2.tgz",
      "integrity": "sha1-LRd/ZS+jHpObRDjVNBSZ36OCXpk="
    },
    "lodash.mapvalues": {
      "version": "4.6.0",
      "resolved": "https://registry.npmjs.org/lodash.mapvalues/-/lodash.mapvalues-4.6.0.tgz",
      "integrity": "sha1-G6+lAF3p3W9PJmaMMMo3IwzJaJw="
    },
    "lodash.set": {
      "version": "4.3.2",
      "resolved": "https://registry.npmjs.org/lodash.set/-/lodash.set-4.3.2.tgz",
      "integrity": "sha1-2HV7HagH3eJIFrDWqEvqGnYjCyM="
    },
    "mathjs": {
      "version": "5.1.1",
      "resolved": "https://registry.npmjs.org/mathjs/-/mathjs-5.1.1.tgz",
      "integrity": "sha512-KRRoX+KU/3rA3CPx3cjk+8V2lSAIQ/fQ+v9n0KZ1zFb9/0MbWt+QKxFhYMM9EHsr+9XD3WMOsO9PGF1yL2hhMQ==",
      "requires": {
        "complex.js": "2.0.11",
        "decimal.js": "10.0.1",
        "escape-latex": "1.1.1",
        "fraction.js": "4.0.8",
        "javascript-natural-sort": "0.7.1",
        "seed-random": "2.2.0",
        "tiny-emitter": "2.0.2",
        "typed-function": "1.1.0"
      }
    },
    "seed-random": {
      "version": "2.2.0",
      "resolved": "https://registry.npmjs.org/seed-random/-/seed-random-2.2.0.tgz",
      "integrity": "sha1-KpsZ4lCoFwmSMaW5mk2vgLf77VQ="
    },
    "tiny-emitter": {
      "version": "2.0.2",
      "resolved": "https://registry.npmjs.org/tiny-emitter/-/tiny-emitter-2.0.2.tgz",
      "integrity": "sha512-2NM0auVBGft5tee/OxP4PI3d8WItkDM+fPnaRAVo6xTDI2knbz9eC5ArWGqtGlYqiH3RU5yMpdyTTO7MguC4ow=="
    },
    "typed-function": {
      "version": "1.1.0",
      "resolved": "https://registry.npmjs.org/typed-function/-/typed-function-1.1.0.tgz",
      "integrity": "sha512-TuQzwiT4DDg19beHam3E66oRXhyqlyfgjHB/5fcvsRXbfmWPJfto9B4a0TBdTrQAPGlGmXh/k7iUI+WsObgORA=="
    }
  }
}
